
Microsoft Visual Studio Solution File, Format Version 12.00
# Visual Studio Version 17
VisualStudioVersion = 17.5.002.0
MinimumVisualStudioVersion = 10.0.40219.1
Project("{9A19103F-16F7-4668-BE54-9A1E7A4F7556}") = "Human.WebServer.Api.V1", "Human.WebServer.Api.V1\Human.WebServer.Api.V1.csproj", "{922100F6-B68E-4ACA-B176-1E8CD6A99F0E}"
EndProject
Project("{9A19103F-16F7-4668-BE54-9A1E7A4F7556}") = "Human.Infrastructure", "Human.Infrastructure\Human.Infrastructure.csproj", "{BB9654C7-9F0E-4A3E-BD65-083E181A8B3A}"
EndProject
Project("{9A19103F-16F7-4668-BE54-9A1E7A4F7556}") = "Human.Domain", "Human.Domain\Human.Domain.csproj", "{C3C7F057-F8E7-4335-A1A3-B3A0AE5B9132}"
EndProject
Project("{9A19103F-16F7-4668-BE54-9A1E7A4F7556}") = "Human.WebServer", "Human.WebServer\Human.WebServer.csproj", "{301E81DF-080F-4870-84EB-F5EBAE233F87}"
EndProject
Project("{9A19103F-16F7-4668-BE54-9A1E7A4F7556}") = "Human.Core", "Human.Core\Human.Core.csproj", "{872EEE85-C1E3-4438-BC81-4D5586799412}"
EndProject
Global
	GlobalSection(SolutionConfigurationPlatforms) = preSolution
		Debug|Any CPU = Debug|Any CPU
		Release|Any CPU = Release|Any CPU
	EndGlobalSection
	GlobalSection(ProjectConfigurationPlatforms) = postSolution
		{922100F6-B68E-4ACA-B176-1E8CD6A99F0E}.Debug|Any CPU.ActiveCfg = Debug|Any CPU
		{922100F6-B68E-4ACA-B176-1E8CD6A99F0E}.Debug|Any CPU.Build.0 = Debug|Any CPU
		{922100F6-B68E-4ACA-B176-1E8CD6A99F0E}.Release|Any CPU.ActiveCfg = Release|Any CPU
		{922100F6-B68E-4ACA-B176-1E8CD6A99F0E}.Release|Any CPU.Build.0 = Release|Any CPU
		{BB9654C7-9F0E-4A3E-BD65-083E181A8B3A}.Debug|Any CPU.ActiveCfg = Debug|Any CPU
		{BB9654C7-9F0E-4A3E-BD65-083E181A8B3A}.Debug|Any CPU.Build.0 = Debug|Any CPU
		{BB9654C7-9F0E-4A3E-BD65-083E181A8B3A}.Release|Any CPU.ActiveCfg = Release|Any CPU
		{BB9654C7-9F0E-4A3E-BD65-083E181A8B3A}.Release|Any CPU.Build.0 = Release|Any CPU
		{C3C7F057-F8E7-4335-A1A3-B3A0AE5B9132}.Debug|Any CPU.ActiveCfg = Debug|Any CPU
		{C3C7F057-F8E7-4335-A1A3-B3A0AE5B9132}.Debug|Any CPU.Build.0 = Debug|Any CPU
		{C3C7F057-F8E7-4335-A1A3-B3A0AE5B9132}.Release|Any CPU.ActiveCfg = Release|Any CPU
		{C3C7F057-F8E7-4335-A1A3-B3A0AE5B9132}.Release|Any CPU.Build.0 = Release|Any CPU
		{301E81DF-080F-4870-84EB-F5EBAE233F87}.Debug|Any CPU.ActiveCfg = Debug|Any CPU
		{301E81DF-080F-4870-84EB-F5EBAE233F87}.Debug|Any CPU.Build.0 = Debug|Any CPU
		{301E81DF-080F-4870-84EB-F5EBAE233F87}.Release|Any CPU.ActiveCfg = Release|Any CPU
		{301E81DF-080F-4870-84EB-F5EBAE233F87}.Release|Any CPU.Build.0 = Release|Any CPU
		{872EEE85-C1E3-4438-BC81-4D5586799412}.Debug|Any CPU.ActiveCfg = Debug|Any CPU
		{872EEE85-C1E3-4438-BC81-4D5586799412}.Debug|Any CPU.Build.0 = Debug|Any CPU
		{872EEE85-C1E3-4438-BC81-4D5586799412}.Release|Any CPU.ActiveCfg = Release|Any CPU
		{872EEE85-C1E3-4438-BC81-4D5586799412}.Release|Any CPU.Build.0 = Release|Any CPU
	EndGlobalSection
	GlobalSection(SolutionProperties) = preSolution
		HideSolutionNode = FALSE
	EndGlobalSection
	GlobalSection(ExtensibilityGlobals) = postSolution
		SolutionGuid = {7D150E14-95F7-4F7A-8568-03C759823153}
	EndGlobalSection
EndGlobal
